
Microsoft Visual Studio Solution File, Format Version 12.00
# Visual Studio Version 17
VisualStudioVersion = 17.11.35219.272
MinimumVisualStudioVersion = 10.0.40219.1
Project("{FAE04EC0-301F-11D3-BF4B-00C04F79EFBC}") = "AMSI-Bypass-Lib", "AMSI-Bypass-Lib\AMSI-Bypass-Lib.csproj", "{2E37CCE1-071F-49E3-9CD8-E5F08D107BB7}"
EndProject
Global
	GlobalSection(SolutionConfigurationPlatforms) = preSolution
		Debug|Any CPU = Debug|Any CPU
		Release|Any CPU = Release|Any CPU
	EndGlobalSection
	GlobalSection(ProjectConfigurationPlatforms) = postSolution
		{2E37CCE1-071F-49E3-9CD8-E5F08D107BB7}.Debug|Any CPU.ActiveCfg = Debug|Any CPU
		{2E37CCE1-071F-49E3-9CD8-E5F08D107BB7}.Debug|Any CPU.Build.0 = Debug|Any CPU
		{2E37CCE1-071F-49E3-9CD8-E5F08D107BB7}.Release|Any CPU.ActiveCfg = Release|Any CPU
		{2E37CCE1-071F-49E3-9CD8-E5F08D107BB7}.Release|Any CPU.Build.0 = Release|Any CPU
	EndGlobalSection
	GlobalSection(SolutionProperties) = preSolution
		HideSolutionNode = FALSE
	EndGlobalSection
	GlobalSection(ExtensibilityGlobals) = postSolution
		SolutionGuid = {08FD7B5A-36DA-4360-B290-0649BFC9C94E}
	EndGlobalSection
EndGlobal
